
Microsoft Visual Studio Solution File, Format Version 12.00
# Visual Studio Version 17
VisualStudioVersion = 17.9.34728.123
MinimumVisualStudioVersion = 10.0.40219.1
Project("{9A19103F-16F7-4668-BE54-9A1E7A4F7556}") = "Y2S2 AppSecPracAssignment", "Y2S2 AppSecPracAssignment\Y2S2 AppSecPracAssignment.csproj", "{F89199E7-811A-4D74-80BC-3B21C63FE026}"
EndProject
Global
	GlobalSection(SolutionConfigurationPlatforms) = preSolution
		Debug|Any CPU = Debug|Any CPU
		Release|Any CPU = Release|Any CPU
	EndGlobalSection
	GlobalSection(ProjectConfigurationPlatforms) = postSolution
		{F89199E7-811A-4D74-80BC-3B21C63FE026}.Debug|Any CPU.ActiveCfg = Debug|Any CPU
		{F89199E7-811A-4D74-80BC-3B21C63FE026}.Debug|Any CPU.Build.0 = Debug|Any CPU
		{F89199E7-811A-4D74-80BC-3B21C63FE026}.Release|Any CPU.ActiveCfg = Release|Any CPU
		{F89199E7-811A-4D74-80BC-3B21C63FE026}.Release|Any CPU.Build.0 = Release|Any CPU
	EndGlobalSection
	GlobalSection(SolutionProperties) = preSolution
		HideSolutionNode = FALSE
	EndGlobalSection
	GlobalSection(ExtensibilityGlobals) = postSolution
		SolutionGuid = {539488A4-75BF-4446-B74E-F1352A071A07}
	EndGlobalSection
EndGlobal
